
Microsoft Visual Studio Solution File, Format Version 12.00
# Visual Studio 15
Project("{FAE04EC0-301F-11D3-BF4B-00C04F79EFBC}") = "Assembly-CSharp", "Assembly-CSharp.csproj", "{C783D9F5-FC9C-0B46-DED6-B8C5DEED71DA}"
EndProject
Global
	GlobalSection(SolutionConfigurationPlatforms) = preSolution
		Debug|Any CPU = Debug|Any CPU
		Release|Any CPU = Release|Any CPU
	EndGlobalSection
	GlobalSection(ProjectConfigurationPlatforms) = postSolution
		{C783D9F5-FC9C-0B46-DED6-B8C5DEED71DA}.Debug|Any CPU.ActiveCfg = Debug|Any CPU
		{C783D9F5-FC9C-0B46-DED6-B8C5DEED71DA}.Debug|Any CPU.Build.0 = Debug|Any CPU
		{C783D9F5-FC9C-0B46-DED6-B8C5DEED71DA}.Release|Any CPU.ActiveCfg = Release|Any CPU
		{C783D9F5-FC9C-0B46-DED6-B8C5DEED71DA}.Release|Any CPU.Build.0 = Release|Any CPU
	EndGlobalSection
	GlobalSection(SolutionProperties) = preSolution
		HideSolutionNode = FALSE
	EndGlobalSection
EndGlobal
